
Microsoft Visual Studio Solution File, Format Version 12.00
# Visual Studio Version 16
VisualStudioVersion = 16.0.30309.148
MinimumVisualStudioVersion = 10.0.40219.1
Project("{FAE04EC0-301F-11D3-BF4B-00C04F79EFBC}") = "ExtendLogging", "ExtendLogging\ExtendLogging.csproj", "{2CB490FA-9F08-4DF3-BADA-0B8EAF2176ED}"
EndProject
Global
	GlobalSection(SolutionConfigurationPlatforms) = preSolution
		Debug|Any CPU = Debug|Any CPU
		Release|Any CPU = Release|Any CPU
	EndGlobalSection
	GlobalSection(ProjectConfigurationPlatforms) = postSolution
		{2CB490FA-9F08-4DF3-BADA-0B8EAF2176ED}.Debug|Any CPU.ActiveCfg = Release|Any CPU
		{2CB490FA-9F08-4DF3-BADA-0B8EAF2176ED}.Debug|Any CPU.Build.0 = Release|Any CPU
		{2CB490FA-9F08-4DF3-BADA-0B8EAF2176ED}.Release|Any CPU.ActiveCfg = Release|Any CPU
		{2CB490FA-9F08-4DF3-BADA-0B8EAF2176ED}.Release|Any CPU.Build.0 = Release|Any CPU
	EndGlobalSection
	GlobalSection(SolutionProperties) = preSolution
		HideSolutionNode = FALSE
	EndGlobalSection
	GlobalSection(ExtensibilityGlobals) = postSolution
		SolutionGuid = {0563D649-2C51-4057-B40E-33FA20DC982F}
	EndGlobalSection
EndGlobal
